
Microsoft Visual Studio Solution File, Format Version 12.00
# Visual Studio Version 17
VisualStudioVersion = 17.9.34728.123
MinimumVisualStudioVersion = 10.0.40219.1
Project("{FAE04EC0-301F-11D3-BF4B-00C04F79EFBC}") = "Swiggy", "Swiggy.csproj", "{C20099FC-BEED-4343-95C0-46A70EBA282B}"
EndProject
Global
	GlobalSection(SolutionConfigurationPlatforms) = preSolution
		Debug|Any CPU = Debug|Any CPU
		Release|Any CPU = Release|Any CPU
	EndGlobalSection
	GlobalSection(ProjectConfigurationPlatforms) = postSolution
		{C20099FC-BEED-4343-95C0-46A70EBA282B}.Debug|Any CPU.ActiveCfg = Debug|Any CPU
		{C20099FC-BEED-4343-95C0-46A70EBA282B}.Debug|Any CPU.Build.0 = Debug|Any CPU
		{C20099FC-BEED-4343-95C0-46A70EBA282B}.Release|Any CPU.ActiveCfg = Release|Any CPU
		{C20099FC-BEED-4343-95C0-46A70EBA282B}.Release|Any CPU.Build.0 = Release|Any CPU
	EndGlobalSection
	GlobalSection(SolutionProperties) = preSolution
		HideSolutionNode = FALSE
	EndGlobalSection
	GlobalSection(ExtensibilityGlobals) = postSolution
		SolutionGuid = {3A0E2756-8348-4E29-B9D7-358FD203344A}
	EndGlobalSection
EndGlobal
